
Microsoft Visual Studio Solution File, Format Version 12.00
# Visual Studio Version 17
VisualStudioVersion = 17.4.33205.214
MinimumVisualStudioVersion = 10.0.40219.1
Project("{6EC3EE1D-3C4E-46DD-8F32-0CC8E7565705}") = "src", "src\src\src.fsproj", "{64C63B83-D1A0-425B-9519-380CB27F13CF}"
EndProject
Project("{6EC3EE1D-3C4E-46DD-8F32-0CC8E7565705}") = "src.iOS", "src\iOS\src.iOS.fsproj", "{CA40081D-D45E-4481-A390-AD15DF202531}"
EndProject
Global
	GlobalSection(SolutionConfigurationPlatforms) = preSolution
		Debug|Any CPU = Debug|Any CPU
		Release|Any CPU = Release|Any CPU
	EndGlobalSection
	GlobalSection(ProjectConfigurationPlatforms) = postSolution
		{64C63B83-D1A0-425B-9519-380CB27F13CF}.Debug|Any CPU.ActiveCfg = Debug|Any CPU
		{64C63B83-D1A0-425B-9519-380CB27F13CF}.Debug|Any CPU.Build.0 = Debug|Any CPU
		{64C63B83-D1A0-425B-9519-380CB27F13CF}.Release|Any CPU.ActiveCfg = Release|Any CPU
		{64C63B83-D1A0-425B-9519-380CB27F13CF}.Release|Any CPU.Build.0 = Release|Any CPU
		{CA40081D-D45E-4481-A390-AD15DF202531}.Debug|Any CPU.ActiveCfg = Debug|Any CPU
		{CA40081D-D45E-4481-A390-AD15DF202531}.Debug|Any CPU.Build.0 = Debug|Any CPU
		{CA40081D-D45E-4481-A390-AD15DF202531}.Debug|Any CPU.Deploy.0 = Debug|Any CPU
		{CA40081D-D45E-4481-A390-AD15DF202531}.Release|Any CPU.ActiveCfg = Release|Any CPU
		{CA40081D-D45E-4481-A390-AD15DF202531}.Release|Any CPU.Build.0 = Release|Any CPU
		{CA40081D-D45E-4481-A390-AD15DF202531}.Release|Any CPU.Deploy.0 = Release|Any CPU
	EndGlobalSection
	GlobalSection(SolutionProperties) = preSolution
		HideSolutionNode = FALSE
	EndGlobalSection
	GlobalSection(ExtensibilityGlobals) = postSolution
		SolutionGuid = {4A99E3C9-8EA6-48A1-BACF-A98E44B508A3}
	EndGlobalSection
EndGlobal
